
Microsoft Visual Studio Solution File, Format Version 12.00
# Visual Studio Version 16
VisualStudioVersion = 16.0.31112.23
MinimumVisualStudioVersion = 10.0.40219.1
Project("{FAE04EC0-301F-11D3-BF4B-00C04F79EFBC}") = "hello-github", "hello-github.csproj", "{0386D1FE-1EEA-441A-B8E2-F5ED197FAAD6}"
EndProject
Global
	GlobalSection(SolutionConfigurationPlatforms) = preSolution
		Debug|Any CPU = Debug|Any CPU
		Release|Any CPU = Release|Any CPU
	EndGlobalSection
	GlobalSection(ProjectConfigurationPlatforms) = postSolution
		{0386D1FE-1EEA-441A-B8E2-F5ED197FAAD6}.Debug|Any CPU.ActiveCfg = Debug|Any CPU
		{0386D1FE-1EEA-441A-B8E2-F5ED197FAAD6}.Debug|Any CPU.Build.0 = Debug|Any CPU
		{0386D1FE-1EEA-441A-B8E2-F5ED197FAAD6}.Release|Any CPU.ActiveCfg = Release|Any CPU
		{0386D1FE-1EEA-441A-B8E2-F5ED197FAAD6}.Release|Any CPU.Build.0 = Release|Any CPU
	EndGlobalSection
	GlobalSection(SolutionProperties) = preSolution
		HideSolutionNode = FALSE
	EndGlobalSection
	GlobalSection(ExtensibilityGlobals) = postSolution
		SolutionGuid = {1313626E-EA00-470B-ADA7-4E6946649E0A}
	EndGlobalSection
EndGlobal
